
Microsoft Visual Studio Solution File, Format Version 12.00
# Visual Studio Version 16
VisualStudioVersion = 16.0.30523.141
MinimumVisualStudioVersion = 10.0.40219.1
Project("{FAE04EC0-301F-11D3-BF4B-00C04F79EFBC}") = "XslFOSample", "XslFOSample\XslFOSample.csproj", "{1F14EBE7-1C9F-430F-866A-126B1D6C619F}"
EndProject
Global
	GlobalSection(SolutionConfigurationPlatforms) = preSolution
		Debug|Any CPU = Debug|Any CPU
		Release|Any CPU = Release|Any CPU
	EndGlobalSection
	GlobalSection(ProjectConfigurationPlatforms) = postSolution
		{1F14EBE7-1C9F-430F-866A-126B1D6C619F}.Debug|Any CPU.ActiveCfg = Debug|Any CPU
		{1F14EBE7-1C9F-430F-866A-126B1D6C619F}.Debug|Any CPU.Build.0 = Debug|Any CPU
		{1F14EBE7-1C9F-430F-866A-126B1D6C619F}.Release|Any CPU.ActiveCfg = Release|Any CPU
		{1F14EBE7-1C9F-430F-866A-126B1D6C619F}.Release|Any CPU.Build.0 = Release|Any CPU
	EndGlobalSection
	GlobalSection(SolutionProperties) = preSolution
		HideSolutionNode = FALSE
	EndGlobalSection
	GlobalSection(ExtensibilityGlobals) = postSolution
		SolutionGuid = {8583911F-2328-4BB1-939C-F16DC8A6D5C9}
	EndGlobalSection
EndGlobal
